
Microsoft Visual Studio Solution File, Format Version 12.00
# Visual Studio Version 17
VisualStudioVersion = 17.8.34330.188
MinimumVisualStudioVersion = 10.0.40219.1
Project("{9A19103F-16F7-4668-BE54-9A1E7A4F7556}") = "Decorator.Data", "Decorator.Data\Decorator.Data.csproj", "{B2C9ABBA-14D5-4038-BB1A-69E2C9EC9F20}"
EndProject
Project("{9A19103F-16F7-4668-BE54-9A1E7A4F7556}") = "Decorator.DataAccess", "Decorator.DataAccess\Decorator.DataAccess.csproj", "{C75A83BE-B0A7-4C73-9065-0145739282F6}"
EndProject
Project("{9A19103F-16F7-4668-BE54-9A1E7A4F7556}") = "Decorator.Business", "Decorator.Business\Decorator.Business.csproj", "{7B54D4A9-C2F1-46A3-8E54-97DF9BD92246}"
EndProject
Project("{FAE04EC0-301F-11D3-BF4B-00C04F79EFBC}") = "Decorator.Web.API", "Decorator.Web.API\Decorator.Web.API.csproj", "{03A1D03D-3EBC-4087-8562-1F1AC2918C9C}"
EndProject
Global
	GlobalSection(SolutionConfigurationPlatforms) = preSolution
		Debug|Any CPU = Debug|Any CPU
		Release|Any CPU = Release|Any CPU
	EndGlobalSection
	GlobalSection(ProjectConfigurationPlatforms) = postSolution
		{B2C9ABBA-14D5-4038-BB1A-69E2C9EC9F20}.Debug|Any CPU.ActiveCfg = Debug|Any CPU
		{B2C9ABBA-14D5-4038-BB1A-69E2C9EC9F20}.Debug|Any CPU.Build.0 = Debug|Any CPU
		{B2C9ABBA-14D5-4038-BB1A-69E2C9EC9F20}.Release|Any CPU.ActiveCfg = Release|Any CPU
		{B2C9ABBA-14D5-4038-BB1A-69E2C9EC9F20}.Release|Any CPU.Build.0 = Release|Any CPU
		{C75A83BE-B0A7-4C73-9065-0145739282F6}.Debug|Any CPU.ActiveCfg = Debug|Any CPU
		{C75A83BE-B0A7-4C73-9065-0145739282F6}.Debug|Any CPU.Build.0 = Debug|Any CPU
		{C75A83BE-B0A7-4C73-9065-0145739282F6}.Release|Any CPU.ActiveCfg = Release|Any CPU
		{C75A83BE-B0A7-4C73-9065-0145739282F6}.Release|Any CPU.Build.0 = Release|Any CPU
		{7B54D4A9-C2F1-46A3-8E54-97DF9BD92246}.Debug|Any CPU.ActiveCfg = Debug|Any CPU
		{7B54D4A9-C2F1-46A3-8E54-97DF9BD92246}.Debug|Any CPU.Build.0 = Debug|Any CPU
		{7B54D4A9-C2F1-46A3-8E54-97DF9BD92246}.Release|Any CPU.ActiveCfg = Release|Any CPU
		{7B54D4A9-C2F1-46A3-8E54-97DF9BD92246}.Release|Any CPU.Build.0 = Release|Any CPU
		{03A1D03D-3EBC-4087-8562-1F1AC2918C9C}.Debug|Any CPU.ActiveCfg = Debug|Any CPU
		{03A1D03D-3EBC-4087-8562-1F1AC2918C9C}.Debug|Any CPU.Build.0 = Debug|Any CPU
		{03A1D03D-3EBC-4087-8562-1F1AC2918C9C}.Release|Any CPU.ActiveCfg = Release|Any CPU
		{03A1D03D-3EBC-4087-8562-1F1AC2918C9C}.Release|Any CPU.Build.0 = Release|Any CPU
	EndGlobalSection
	GlobalSection(SolutionProperties) = preSolution
		HideSolutionNode = FALSE
	EndGlobalSection
	GlobalSection(ExtensibilityGlobals) = postSolution
		SolutionGuid = {EC9E84D3-86F0-4427-820A-A5B012B2F445}
	EndGlobalSection
EndGlobal
